
Microsoft Visual Studio Solution File, Format Version 12.00
Project("{FAE04EC0-301F-11D3-BF4B-00C04F79EFBC}") = "EF6PerfDemo", "EF6PerfDemo\EF6PerfDemo.csproj", "{5E694759-B1EF-4EC0-90FA-3314E32EFC90}"
EndProject
Global
	GlobalSection(SolutionConfigurationPlatforms) = preSolution
		Debug|Any CPU = Debug|Any CPU
		Release|Any CPU = Release|Any CPU
	EndGlobalSection
	GlobalSection(ProjectConfigurationPlatforms) = postSolution
		{5E694759-B1EF-4EC0-90FA-3314E32EFC90}.Debug|Any CPU.ActiveCfg = Debug|Any CPU
		{5E694759-B1EF-4EC0-90FA-3314E32EFC90}.Debug|Any CPU.Build.0 = Debug|Any CPU
		{5E694759-B1EF-4EC0-90FA-3314E32EFC90}.Release|Any CPU.ActiveCfg = Release|Any CPU
		{5E694759-B1EF-4EC0-90FA-3314E32EFC90}.Release|Any CPU.Build.0 = Release|Any CPU
	EndGlobalSection
EndGlobal
